
Microsoft Visual Studio Solution File, Format Version 12.00
# Visual Studio 15
VisualStudioVersion = 15.0.26124.0
MinimumVisualStudioVersion = 15.0.26124.0
Project("{2150E333-8FDC-42A3-9474-1A3956D46DE8}") = "src", "src", "{92ED835A-3CE9-482E-8914-593E79974BDA}"
EndProject
Project("{FAE04EC0-301F-11D3-BF4B-00C04F79EFBC}") = "PalTracker", "src\PalTracker\PalTracker.csproj", "{EBE8BC98-4EBB-4D90-B7E1-A08D7E187B8D}"
EndProject
Project("{2150E333-8FDC-42A3-9474-1A3956D46DE8}") = "test", "test", "{EB81504F-99F9-42EF-83C1-0F6F9AA5EA94}"
EndProject
Project("{FAE04EC0-301F-11D3-BF4B-00C04F79EFBC}") = "PalTrackerTests", "test\PalTrackerTests\PalTrackerTests.csproj", "{D04306C4-0681-497B-8984-AC3C9CD3759E}"
EndProject
Global
	GlobalSection(SolutionConfigurationPlatforms) = preSolution
		Debug|Any CPU = Debug|Any CPU
		Debug|x64 = Debug|x64
		Debug|x86 = Debug|x86
		Release|Any CPU = Release|Any CPU
		Release|x64 = Release|x64
		Release|x86 = Release|x86
	EndGlobalSection
	GlobalSection(SolutionProperties) = preSolution
		HideSolutionNode = FALSE
	EndGlobalSection
	GlobalSection(ProjectConfigurationPlatforms) = postSolution
		{EBE8BC98-4EBB-4D90-B7E1-A08D7E187B8D}.Debug|Any CPU.ActiveCfg = Debug|Any CPU
		{EBE8BC98-4EBB-4D90-B7E1-A08D7E187B8D}.Debug|Any CPU.Build.0 = Debug|Any CPU
		{EBE8BC98-4EBB-4D90-B7E1-A08D7E187B8D}.Debug|x64.ActiveCfg = Debug|Any CPU
		{EBE8BC98-4EBB-4D90-B7E1-A08D7E187B8D}.Debug|x64.Build.0 = Debug|Any CPU
		{EBE8BC98-4EBB-4D90-B7E1-A08D7E187B8D}.Debug|x86.ActiveCfg = Debug|Any CPU
		{EBE8BC98-4EBB-4D90-B7E1-A08D7E187B8D}.Debug|x86.Build.0 = Debug|Any CPU
		{EBE8BC98-4EBB-4D90-B7E1-A08D7E187B8D}.Release|Any CPU.ActiveCfg = Release|Any CPU
		{EBE8BC98-4EBB-4D90-B7E1-A08D7E187B8D}.Release|Any CPU.Build.0 = Release|Any CPU
		{EBE8BC98-4EBB-4D90-B7E1-A08D7E187B8D}.Release|x64.ActiveCfg = Release|Any CPU
		{EBE8BC98-4EBB-4D90-B7E1-A08D7E187B8D}.Release|x64.Build.0 = Release|Any CPU
		{EBE8BC98-4EBB-4D90-B7E1-A08D7E187B8D}.Release|x86.ActiveCfg = Release|Any CPU
		{EBE8BC98-4EBB-4D90-B7E1-A08D7E187B8D}.Release|x86.Build.0 = Release|Any CPU
		{D04306C4-0681-497B-8984-AC3C9CD3759E}.Debug|Any CPU.ActiveCfg = Debug|Any CPU
		{D04306C4-0681-497B-8984-AC3C9CD3759E}.Debug|Any CPU.Build.0 = Debug|Any CPU
		{D04306C4-0681-497B-8984-AC3C9CD3759E}.Debug|x64.ActiveCfg = Debug|Any CPU
		{D04306C4-0681-497B-8984-AC3C9CD3759E}.Debug|x64.Build.0 = Debug|Any CPU
		{D04306C4-0681-497B-8984-AC3C9CD3759E}.Debug|x86.ActiveCfg = Debug|Any CPU
		{D04306C4-0681-497B-8984-AC3C9CD3759E}.Debug|x86.Build.0 = Debug|Any CPU
		{D04306C4-0681-497B-8984-AC3C9CD3759E}.Release|Any CPU.ActiveCfg = Release|Any CPU
		{D04306C4-0681-497B-8984-AC3C9CD3759E}.Release|Any CPU.Build.0 = Release|Any CPU
		{D04306C4-0681-497B-8984-AC3C9CD3759E}.Release|x64.ActiveCfg = Release|Any CPU
		{D04306C4-0681-497B-8984-AC3C9CD3759E}.Release|x64.Build.0 = Release|Any CPU
		{D04306C4-0681-497B-8984-AC3C9CD3759E}.Release|x86.ActiveCfg = Release|Any CPU
		{D04306C4-0681-497B-8984-AC3C9CD3759E}.Release|x86.Build.0 = Release|Any CPU
	EndGlobalSection
	GlobalSection(NestedProjects) = preSolution
		{EBE8BC98-4EBB-4D90-B7E1-A08D7E187B8D} = {92ED835A-3CE9-482E-8914-593E79974BDA}
		{D04306C4-0681-497B-8984-AC3C9CD3759E} = {EB81504F-99F9-42EF-83C1-0F6F9AA5EA94}
	EndGlobalSection
EndGlobal
